
Microsoft Visual Studio Solution File, Format Version 12.00
# Visual Studio 15
VisualStudioVersion = 15.0.26124.0
MinimumVisualStudioVersion = 15.0.26124.0
Project("{FAE04EC0-301F-11D3-BF4B-00C04F79EFBC}") = "API", "API\API.csproj", "{2C5246F1-C25D-4BCC-A646-D38FF240C764}"
EndProject
Project("{FAE04EC0-301F-11D3-BF4B-00C04F79EFBC}") = "Application", "Application\Application.csproj", "{565D329C-1D30-4E26-8989-CE68BAAB42CA}"
EndProject
Project("{FAE04EC0-301F-11D3-BF4B-00C04F79EFBC}") = "Domain", "Domain\Domain.csproj", "{F4108E6B-CE71-4217-9E01-70153E1627C2}"
EndProject
Project("{FAE04EC0-301F-11D3-BF4B-00C04F79EFBC}") = "Persistence", "Persistence\Persistence.csproj", "{2046D29F-37DD-49AB-84A7-3ACC83544A7C}"
EndProject
Global
	GlobalSection(SolutionConfigurationPlatforms) = preSolution
		Debug|Any CPU = Debug|Any CPU
		Debug|x64 = Debug|x64
		Debug|x86 = Debug|x86
		Release|Any CPU = Release|Any CPU
		Release|x64 = Release|x64
		Release|x86 = Release|x86
	EndGlobalSection
	GlobalSection(SolutionProperties) = preSolution
		HideSolutionNode = FALSE
	EndGlobalSection
	GlobalSection(ProjectConfigurationPlatforms) = postSolution
		{2C5246F1-C25D-4BCC-A646-D38FF240C764}.Debug|Any CPU.ActiveCfg = Debug|Any CPU
		{2C5246F1-C25D-4BCC-A646-D38FF240C764}.Debug|Any CPU.Build.0 = Debug|Any CPU
		{2C5246F1-C25D-4BCC-A646-D38FF240C764}.Debug|x64.ActiveCfg = Debug|Any CPU
		{2C5246F1-C25D-4BCC-A646-D38FF240C764}.Debug|x64.Build.0 = Debug|Any CPU
		{2C5246F1-C25D-4BCC-A646-D38FF240C764}.Debug|x86.ActiveCfg = Debug|Any CPU
		{2C5246F1-C25D-4BCC-A646-D38FF240C764}.Debug|x86.Build.0 = Debug|Any CPU
		{2C5246F1-C25D-4BCC-A646-D38FF240C764}.Release|Any CPU.ActiveCfg = Release|Any CPU
		{2C5246F1-C25D-4BCC-A646-D38FF240C764}.Release|Any CPU.Build.0 = Release|Any CPU
		{2C5246F1-C25D-4BCC-A646-D38FF240C764}.Release|x64.ActiveCfg = Release|Any CPU
		{2C5246F1-C25D-4BCC-A646-D38FF240C764}.Release|x64.Build.0 = Release|Any CPU
		{2C5246F1-C25D-4BCC-A646-D38FF240C764}.Release|x86.ActiveCfg = Release|Any CPU
		{2C5246F1-C25D-4BCC-A646-D38FF240C764}.Release|x86.Build.0 = Release|Any CPU
		{565D329C-1D30-4E26-8989-CE68BAAB42CA}.Debug|Any CPU.ActiveCfg = Debug|Any CPU
		{565D329C-1D30-4E26-8989-CE68BAAB42CA}.Debug|Any CPU.Build.0 = Debug|Any CPU
		{565D329C-1D30-4E26-8989-CE68BAAB42CA}.Debug|x64.ActiveCfg = Debug|Any CPU
		{565D329C-1D30-4E26-8989-CE68BAAB42CA}.Debug|x64.Build.0 = Debug|Any CPU
		{565D329C-1D30-4E26-8989-CE68BAAB42CA}.Debug|x86.ActiveCfg = Debug|Any CPU
		{565D329C-1D30-4E26-8989-CE68BAAB42CA}.Debug|x86.Build.0 = Debug|Any CPU
		{565D329C-1D30-4E26-8989-CE68BAAB42CA}.Release|Any CPU.ActiveCfg = Release|Any CPU
		{565D329C-1D30-4E26-8989-CE68BAAB42CA}.Release|Any CPU.Build.0 = Release|Any CPU
		{565D329C-1D30-4E26-8989-CE68BAAB42CA}.Release|x64.ActiveCfg = Release|Any CPU
		{565D329C-1D30-4E26-8989-CE68BAAB42CA}.Release|x64.Build.0 = Release|Any CPU
		{565D329C-1D30-4E26-8989-CE68BAAB42CA}.Release|x86.ActiveCfg = Release|Any CPU
		{565D329C-1D30-4E26-8989-CE68BAAB42CA}.Release|x86.Build.0 = Release|Any CPU
		{F4108E6B-CE71-4217-9E01-70153E1627C2}.Debug|Any CPU.ActiveCfg = Debug|Any CPU
		{F4108E6B-CE71-4217-9E01-70153E1627C2}.Debug|Any CPU.Build.0 = Debug|Any CPU
		{F4108E6B-CE71-4217-9E01-70153E1627C2}.Debug|x64.ActiveCfg = Debug|Any CPU
		{F4108E6B-CE71-4217-9E01-70153E1627C2}.Debug|x64.Build.0 = Debug|Any CPU
		{F4108E6B-CE71-4217-9E01-70153E1627C2}.Debug|x86.ActiveCfg = Debug|Any CPU
		{F4108E6B-CE71-4217-9E01-70153E1627C2}.Debug|x86.Build.0 = Debug|Any CPU
		{F4108E6B-CE71-4217-9E01-70153E1627C2}.Release|Any CPU.ActiveCfg = Release|Any CPU
		{F4108E6B-CE71-4217-9E01-70153E1627C2}.Release|Any CPU.Build.0 = Release|Any CPU
		{F4108E6B-CE71-4217-9E01-70153E1627C2}.Release|x64.ActiveCfg = Release|Any CPU
		{F4108E6B-CE71-4217-9E01-70153E1627C2}.Release|x64.Build.0 = Release|Any CPU
		{F4108E6B-CE71-4217-9E01-70153E1627C2}.Release|x86.ActiveCfg = Release|Any CPU
		{F4108E6B-CE71-4217-9E01-70153E1627C2}.Release|x86.Build.0 = Release|Any CPU
		{2046D29F-37DD-49AB-84A7-3ACC83544A7C}.Debug|Any CPU.ActiveCfg = Debug|Any CPU
		{2046D29F-37DD-49AB-84A7-3ACC83544A7C}.Debug|Any CPU.Build.0 = Debug|Any CPU
		{2046D29F-37DD-49AB-84A7-3ACC83544A7C}.Debug|x64.ActiveCfg = Debug|Any CPU
		{2046D29F-37DD-49AB-84A7-3ACC83544A7C}.Debug|x64.Build.0 = Debug|Any CPU
		{2046D29F-37DD-49AB-84A7-3ACC83544A7C}.Debug|x86.ActiveCfg = Debug|Any CPU
		{2046D29F-37DD-49AB-84A7-3ACC83544A7C}.Debug|x86.Build.0 = Debug|Any CPU
		{2046D29F-37DD-49AB-84A7-3ACC83544A7C}.Release|Any CPU.ActiveCfg = Release|Any CPU
		{2046D29F-37DD-49AB-84A7-3ACC83544A7C}.Release|Any CPU.Build.0 = Release|Any CPU
		{2046D29F-37DD-49AB-84A7-3ACC83544A7C}.Release|x64.ActiveCfg = Release|Any CPU
		{2046D29F-37DD-49AB-84A7-3ACC83544A7C}.Release|x64.Build.0 = Release|Any CPU
		{2046D29F-37DD-49AB-84A7-3ACC83544A7C}.Release|x86.ActiveCfg = Release|Any CPU
		{2046D29F-37DD-49AB-84A7-3ACC83544A7C}.Release|x86.Build.0 = Release|Any CPU
	EndGlobalSection
EndGlobal
